
Microsoft Visual Studio Solution File, Format Version 12.00
# Visual Studio Version 17
VisualStudioVersion = 17.3.32825.248
MinimumVisualStudioVersion = 10.0.40219.1
Project("{FAE04EC0-301F-11D3-BF4B-00C04F79EFBC}") = "Movies", "Movies\Movies.csproj", "{DC0F2579-5A77-4D39-B28D-4E9CE0C85432}"
EndProject
Global
	GlobalSection(SolutionConfigurationPlatforms) = preSolution
		Debug|Any CPU = Debug|Any CPU
		Release|Any CPU = Release|Any CPU
	EndGlobalSection
	GlobalSection(ProjectConfigurationPlatforms) = postSolution
		{DC0F2579-5A77-4D39-B28D-4E9CE0C85432}.Debug|Any CPU.ActiveCfg = Debug|Any CPU
		{DC0F2579-5A77-4D39-B28D-4E9CE0C85432}.Debug|Any CPU.Build.0 = Debug|Any CPU
		{DC0F2579-5A77-4D39-B28D-4E9CE0C85432}.Release|Any CPU.ActiveCfg = Release|Any CPU
		{DC0F2579-5A77-4D39-B28D-4E9CE0C85432}.Release|Any CPU.Build.0 = Release|Any CPU
	EndGlobalSection
	GlobalSection(SolutionProperties) = preSolution
		HideSolutionNode = FALSE
	EndGlobalSection
	GlobalSection(ExtensibilityGlobals) = postSolution
		SolutionGuid = {E31BDE83-982E-4F7D-B46D-88D38398C7D4}
	EndGlobalSection
EndGlobal
